
Microsoft Visual Studio Solution File, Format Version 12.00
# Visual Studio 15
VisualStudioVersion = 15.0.28307.421
MinimumVisualStudioVersion = 10.0.40219.1
Project("{FAE04EC0-301F-11D3-BF4B-00C04F79EFBC}") = "FE-WebApp", "FE-WebApp\FE-WebApp.csproj", "{AC0D17A7-5915-4B61-82C8-733675BFB737}"
EndProject
Global
	GlobalSection(SolutionConfigurationPlatforms) = preSolution
		Debug|Any CPU = Debug|Any CPU
		Release|Any CPU = Release|Any CPU
	EndGlobalSection
	GlobalSection(ProjectConfigurationPlatforms) = postSolution
		{AC0D17A7-5915-4B61-82C8-733675BFB737}.Debug|Any CPU.ActiveCfg = Debug|Any CPU
		{AC0D17A7-5915-4B61-82C8-733675BFB737}.Debug|Any CPU.Build.0 = Debug|Any CPU
		{AC0D17A7-5915-4B61-82C8-733675BFB737}.Release|Any CPU.ActiveCfg = Release|Any CPU
		{AC0D17A7-5915-4B61-82C8-733675BFB737}.Release|Any CPU.Build.0 = Release|Any CPU
	EndGlobalSection
	GlobalSection(SolutionProperties) = preSolution
		HideSolutionNode = FALSE
	EndGlobalSection
	GlobalSection(ExtensibilityGlobals) = postSolution
		SolutionGuid = {A0C9C436-B33E-4CC6-A449-97C2A0EA4D55}
	EndGlobalSection
EndGlobal
